
Microsoft Visual Studio Solution File, Format Version 12.00
# Visual Studio 14
VisualStudioVersion = 14.0.25420.1
MinimumVisualStudioVersion = 10.0.40219.1
Project("{FAE04EC0-301F-11D3-BF4B-00C04F79EFBC}") = "ConsoleT", "ConsoleT\ConsoleT.csproj", "{4A6B6ED0-805B-41C7-B4F8-C619006D0A3D}"
EndProject
Project("{2150E333-8FDC-42A3-9474-1A3956D46DE8}") = "Solution Items", "Solution Items", "{C2B8A21E-A14A-4F91-B3D6-50348D21DFF3}"
	ProjectSection(SolutionItems) = preProject
		..\First.txt = ..\First.txt
	EndProjectSection
EndProject
Global
	GlobalSection(SolutionConfigurationPlatforms) = preSolution
		Debug|Any CPU = Debug|Any CPU
		Release|Any CPU = Release|Any CPU
	EndGlobalSection
	GlobalSection(ProjectConfigurationPlatforms) = postSolution
		{4A6B6ED0-805B-41C7-B4F8-C619006D0A3D}.Debug|Any CPU.ActiveCfg = Debug|Any CPU
		{4A6B6ED0-805B-41C7-B4F8-C619006D0A3D}.Debug|Any CPU.Build.0 = Debug|Any CPU
		{4A6B6ED0-805B-41C7-B4F8-C619006D0A3D}.Release|Any CPU.ActiveCfg = Release|Any CPU
		{4A6B6ED0-805B-41C7-B4F8-C619006D0A3D}.Release|Any CPU.Build.0 = Release|Any CPU
	EndGlobalSection
	GlobalSection(SolutionProperties) = preSolution
		HideSolutionNode = FALSE
	EndGlobalSection
EndGlobal
